{
  "nodes": {
    "darwin": {
      "inputs": {
        "nixpkgs": [
          "nixpkgs"
        ]
      },
      "locked": {
        "lastModified": 1684774948,
        "narHash": "sha256-hJTaw4dYzcB+lsasKejnafq0CxPsVetn9RLXrcL+4jE=",
        "owner": "lnl7",
        "repo": "nix-darwin",
        "rev": "b8c286c82c6b47826a6c0377e7017052ad91353c",
        "type": "github"
      },
      "original": {
        "owner": "lnl7",
        "repo": "nix-darwin",
        "type": "github"
      }
    },
    "home-manager": {
      "inputs": {
        "nixpkgs": [
          "nixpkgs"
        ]
      },
      "locked": {
<<<<<<< HEAD
        "lastModified": 1684596126,
        "narHash": "sha256-4RZZmygeEXpuBqEXGs38ZAcWjWKGwu13Iqbxub6wuJk=",
||||||| parent of 9a6a500 (fixed Home folder error in Home manager)
        "lastModified": 1684321175,
        "narHash": "sha256-V4EbM+jK7pvjKBaj0dgAiW9ultzDE27Nz5fRyu/ceMk=",
=======
        "lastModified": 1685189510,
        "narHash": "sha256-Hq5WF7zIixojPgvhgcd6MBvywwycVZ9wpK/8ogOyoaA=",
>>>>>>> 9a6a500 (fixed Home folder error in Home manager)
        "owner": "nix-community",
        "repo": "home-manager",
<<<<<<< HEAD
        "rev": "27ef11f0218d9018ebb2948d40133df2b1de622d",
||||||| parent of 9a6a500 (fixed Home folder error in Home manager)
        "rev": "59659243cd4ababda605e79b4a9c2e6d83e24c86",
=======
        "rev": "2d963854ae2499193c0c72fd67435fee34d3e4fd",
>>>>>>> 9a6a500 (fixed Home folder error in Home manager)
        "type": "github"
      },
      "original": {
        "owner": "nix-community",
        "ref": "master",
        "repo": "home-manager",
        "type": "github"
      }
    },
    "nixpkgs": {
      "locked": {
<<<<<<< HEAD
        "lastModified": 1684585791,
        "narHash": "sha256-lYPboblKrchmbkGMoAcAivomiOscZCjtGxxTSCY51SM=",
||||||| parent of 9a6a500 (fixed Home folder error in Home manager)
        "lastModified": 1684363872,
        "narHash": "sha256-jkvhzrICFSmj+NBHksKTWzs8Q3+D7RsVK0wLKacbu8s=",
=======
        "lastModified": 1685012353,
        "narHash": "sha256-U3oOge4cHnav8OLGdRVhL45xoRj4Ppd+It6nPC9nNIU=",
>>>>>>> 9a6a500 (fixed Home folder error in Home manager)
        "owner": "nixos",
        "repo": "nixpkgs",
<<<<<<< HEAD
        "rev": "eea79d584eff53bf7a76aeb63f8845da6d386129",
||||||| parent of 9a6a500 (fixed Home folder error in Home manager)
        "rev": "1d77f3b72756ca36f16440c59e6b89a957908647",
=======
        "rev": "aeb75dba965e790de427b73315d5addf91a54955",
>>>>>>> 9a6a500 (fixed Home folder error in Home manager)
        "type": "github"
      },
      "original": {
        "owner": "nixos",
        "ref": "nixpkgs-unstable",
        "repo": "nixpkgs",
        "type": "github"
      }
    },
    "root": {
      "inputs": {
        "darwin": "darwin",
        "home-manager": "home-manager",
        "nixpkgs": "nixpkgs"
      }
    }
  },
  "root": "root",
  "version": 7
}
